// !$*UTF8*$!
{
	archiveVersion = 1;
	classes = {
	};
	objectVersion = 48;
	objects = {

/* Begin PBXBuildFile section */
		EF17115720A4887B002FDCD4 /* TragaPerras.swift in Sources */ = {isa = PBXBuildFile; fileRef = EF17115620A4887B002FDCD4 /* TragaPerras.swift */; };
		EF17115920A48D90002FDCD4 /* TragaPerrasViewController.swift in Sources */ = {isa = PBXBuildFile; fileRef = EF17115820A48D90002FDCD4 /* TragaPerrasViewController.swift */; };
		EF3D936A2086324C0012510D /* DiceViewController.swift in Sources */ = {isa = PBXBuildFile; fileRef = EF3D93692086324C0012510D /* DiceViewController.swift */; };
		EF9A918020A1F8C100DDFA53 /* MenuViewController.swift in Sources */ = {isa = PBXBuildFile; fileRef = EF9A917F20A1F8C100DDFA53 /* MenuViewController.swift */; };
		EFEF902D207FA86500DEEAFD /* AppDelegate.swift in Sources */ = {isa = PBXBuildFile; fileRef = EFEF902C207FA86500DEEAFD /* AppDelegate.swift */; };
		EFEF902F207FA86500DEEAFD /* GameViewController.swift in Sources */ = {isa = PBXBuildFile; fileRef = EFEF902E207FA86500DEEAFD /* GameViewController.swift */; };
		EFEF9032207FA86500DEEAFD /* Main.storyboard in Resources */ = {isa = PBXBuildFile; fileRef = EFEF9030207FA86500DEEAFD /* Main.storyboard */; };
		EFEF9034207FA86500DEEAFD /* Assets.xcassets in Resources */ = {isa = PBXBuildFile; fileRef = EFEF9033207FA86500DEEAFD /* Assets.xcassets */; };
		EFEF9037207FA86500DEEAFD /* LaunchScreen.storyboard in Resources */ = {isa = PBXBuildFile; fileRef = EFEF9035207FA86500DEEAFD /* LaunchScreen.storyboard */; };
		EFEF903F207FB32F00DEEAFD /* LimitNumberCircleView.swift in Sources */ = {isa = PBXBuildFile; fileRef = EFEF903E207FB32F00DEEAFD /* LimitNumberCircleView.swift */; };
		EFFFBC41209B45DC00F61F9B /* dicesound.mp3 in Resources */ = {isa = PBXBuildFile; fileRef = EFFFBC40209B45DC00F61F9B /* dicesound.mp3 */; };
		EFFFBC44209B4D1C00F61F9B /* AudioToolbox.framework in Frameworks */ = {isa = PBXBuildFile; fileRef = EFFFBC43209B4D0300F61F9B /* AudioToolbox.framework */; };
		EFFFBC46209B525700F61F9B /* WinnerViewController.swift in Sources */ = {isa = PBXBuildFile; fileRef = EFFFBC45209B525700F61F9B /* WinnerViewController.swift */; };
		EFFFBC4C209B5EED00F61F9B /* winSound.mp3 in Resources */ = {isa = PBXBuildFile; fileRef = EFFFBC4B209B5EED00F61F9B /* winSound.mp3 */; };
		EFFFBC4E209B616200F61F9B /* failSound.mp3 in Resources */ = {isa = PBXBuildFile; fileRef = EFFFBC4D209B616200F61F9B /* failSound.mp3 */; };
/* End PBXBuildFile section */

/* Begin PBXFileReference section */
		EF17115620A4887B002FDCD4 /* TragaPerras.swift */ = {isa = PBXFileReference; lastKnownFileType = sourcecode.swift; path = TragaPerras.swift; sourceTree = "<group>"; };
		EF17115820A48D90002FDCD4 /* TragaPerrasViewController.swift */ = {isa = PBXFileReference; lastKnownFileType = sourcecode.swift; path = TragaPerrasViewController.swift; sourceTree = "<group>"; };
		EF3D93692086324C0012510D /* DiceViewController.swift */ = {isa = PBXFileReference; lastKnownFileType = sourcecode.swift; path = DiceViewController.swift; sourceTree = "<group>"; };
		EF9A917F20A1F8C100DDFA53 /* MenuViewController.swift */ = {isa = PBXFileReference; lastKnownFileType = sourcecode.swift; path = MenuViewController.swift; sourceTree = "<group>"; };
		EFEF9029207FA86500DEEAFD /* BlackDice.app */ = {isa = PBXFileReference; explicitFileType = wrapper.application; includeInIndex = 0; path = BlackDice.app; sourceTree = BUILT_PRODUCTS_DIR; };
		EFEF902C207FA86500DEEAFD /* AppDelegate.swift */ = {isa = PBXFileReference; lastKnownFileType = sourcecode.swift; path = AppDelegate.swift; sourceTree = "<group>"; };
		EFEF902E207FA86500DEEAFD /* GameViewController.swift */ = {isa = PBXFileReference; lastKnownFileType = sourcecode.swift; path = GameViewController.swift; sourceTree = "<group>"; };
		EFEF9031207FA86500DEEAFD /* Base */ = {isa = PBXFileReference; lastKnownFileType = file.storyboard; name = Base; path = Base.lproj/Main.storyboard; sourceTree = "<group>"; };
		EFEF9033207FA86500DEEAFD /* Assets.xcassets */ = {isa = PBXFileReference; lastKnownFileType = folder.assetcatalog; path = Assets.xcassets; sourceTree = "<group>"; };
		EFEF9036207FA86500DEEAFD /* Base */ = {isa = PBXFileReference; lastKnownFileType = file.storyboard; name = Base; path = Base.lproj/LaunchScreen.storyboard; sourceTree = "<group>"; };
		EFEF9038207FA86500DEEAFD /* Info.plist */ = {isa = PBXFileReference; lastKnownFileType = text.plist.xml; path = Info.plist; sourceTree = "<group>"; };
		EFEF903E207FB32F00DEEAFD /* LimitNumberCircleView.swift */ = {isa = PBXFileReference; lastKnownFileType = sourcecode.swift; path = LimitNumberCircleView.swift; sourceTree = "<group>"; };
		EFFFBC40209B45DC00F61F9B /* dicesound.mp3 */ = {isa = PBXFileReference; lastKnownFileType = audio.mp3; path = dicesound.mp3; sourceTree = "<group>"; };
		EFFFBC43209B4D0300F61F9B /* AudioToolbox.framework */ = {isa = PBXFileReference; lastKnownFileType = wrapper.framework; name = AudioToolbox.framework; path = System/Library/Frameworks/AudioToolbox.framework; sourceTree = SDKROOT; };
		EFFFBC45209B525700F61F9B /* WinnerViewController.swift */ = {isa = PBXFileReference; lastKnownFileType = sourcecode.swift; path = WinnerViewController.swift; sourceTree = "<group>"; };
		EFFFBC4B209B5EED00F61F9B /* winSound.mp3 */ = {isa = PBXFileReference; lastKnownFileType = audio.mp3; path = winSound.mp3; sourceTree = "<group>"; };
		EFFFBC4D209B616200F61F9B /* failSound.mp3 */ = {isa = PBXFileReference; lastKnownFileType = audio.mp3; path = failSound.mp3; sourceTree = "<group>"; };
/* End PBXFileReference section */

/* Begin PBXFrameworksBuildPhase section */
		EFEF9026207FA86500DEEAFD /* Frameworks */ = {
			isa = PBXFrameworksBuildPhase;
			buildActionMask = 2147483647;
			files = (
				EFFFBC44209B4D1C00F61F9B /* AudioToolbox.framework in Frameworks */,
			);
			runOnlyForDeploymentPostprocessing = 0;
		};
/* End PBXFrameworksBuildPhase section */

/* Begin PBXGroup section */
		EFEF9020207FA86500DEEAFD = {
			isa = PBXGroup;
			children = (
				EFEF902B207FA86500DEEAFD /* BlackDice */,
				EFEF902A207FA86500DEEAFD /* Products */,
				EFFFBC42209B4D0200F61F9B /* Frameworks */,
			);
			sourceTree = "<group>";
		};
		EFEF902A207FA86500DEEAFD /* Products */ = {
			isa = PBXGroup;
			children = (
				EFEF9029207FA86500DEEAFD /* BlackDice.app */,
			);
			name = Products;
			sourceTree = "<group>";
		};
		EFEF902B207FA86500DEEAFD /* BlackDice */ = {
			isa = PBXGroup;
			children = (
				EFFFBC40209B45DC00F61F9B /* dicesound.mp3 */,
				EFFFBC4D209B616200F61F9B /* failSound.mp3 */,
				EFFFBC4B209B5EED00F61F9B /* winSound.mp3 */,
				EF9A917F20A1F8C100DDFA53 /* MenuViewController.swift */,
				EFEF903E207FB32F00DEEAFD /* LimitNumberCircleView.swift */,
				EFEF902C207FA86500DEEAFD /* AppDelegate.swift */,
				EFEF902E207FA86500DEEAFD /* GameViewController.swift */,
				EFEF9030207FA86500DEEAFD /* Main.storyboard */,
				EFEF9033207FA86500DEEAFD /* Assets.xcassets */,
				EFEF9035207FA86500DEEAFD /* LaunchScreen.storyboard */,
				EFEF9038207FA86500DEEAFD /* Info.plist */,
				EF3D93692086324C0012510D /* DiceViewController.swift */,
				EFFFBC45209B525700F61F9B /* WinnerViewController.swift */,
				EF17115620A4887B002FDCD4 /* TragaPerras.swift */,
				EF17115820A48D90002FDCD4 /* TragaPerrasViewController.swift */,
			);
			path = BlackDice;
			sourceTree = "<group>";
		};
		EFFFBC42209B4D0200F61F9B /* Frameworks */ = {
			isa = PBXGroup;
			children = (
				EFFFBC43209B4D0300F61F9B /* AudioToolbox.framework */,
			);
			name = Frameworks;
			sourceTree = "<group>";
		};
/* End PBXGroup section */

/* Begin PBXNativeTarget section */
		EFEF9028207FA86500DEEAFD /* BlackDice */ = {
			isa = PBXNativeTarget;
			buildConfigurationList = EFEF903B207FA86500DEEAFD /* Build configuration list for PBXNativeTarget "BlackDice" */;
			buildPhases = (
				EFEF9025207FA86500DEEAFD /* Sources */,
				EFEF9026207FA86500DEEAFD /* Frameworks */,
				EFEF9027207FA86500DEEAFD /* Resources */,
			);
			buildRules = (
			);
			dependencies = (
			);
			name = BlackDice;
			productName = BlackDice;
			productReference = EFEF9029207FA86500DEEAFD /* BlackDice.app */;
			productType = "com.apple.product-type.application";
		};
/* End PBXNativeTarget section */

/* Begin PBXProject section */
		EFEF9021207FA86500DEEAFD /* Project object */ = {
			isa = PBXProject;
			attributes = {
				LastSwiftUpdateCheck = 0910;
				LastUpgradeCheck = 0910;
				ORGANIZATIONNAME = ErikyGerard;
				TargetAttributes = {
					EFEF9028207FA86500DEEAFD = {
						CreatedOnToolsVersion = 9.1;
						ProvisioningStyle = Automatic;
					};
				};
			};
			buildConfigurationList = EFEF9024207FA86500DEEAFD /* Build configuration list for PBXProject "BlackDice" */;
			compatibilityVersion = "Xcode 8.0";
			developmentRegion = en;
			hasScannedForEncodings = 0;
			knownRegions = (
				en,
				Base,
			);
			mainGroup = EFEF9020207FA86500DEEAFD;
			productRefGroup = EFEF902A207FA86500DEEAFD /* Products */;
			projectDirPath = "";
			projectRoot = "";
			targets = (
				EFEF9028207FA86500DEEAFD /* BlackDice */,
			);
		};
/* End PBXProject section */

/* Begin PBXResourcesBuildPhase section */
		EFEF9027207FA86500DEEAFD /* Resources */ = {
			isa = PBXResourcesBuildPhase;
			buildActionMask = 2147483647;
			files = (
				EFEF9037207FA86500DEEAFD /* LaunchScreen.storyboard in Resources */,
				EFFFBC41209B45DC00F61F9B /* dicesound.mp3 in Resources */,
				EFEF9034207FA86500DEEAFD /* Assets.xcassets in Resources */,
				EFFFBC4C209B5EED00F61F9B /* winSound.mp3 in Resources */,
				EFFFBC4E209B616200F61F9B /* failSound.mp3 in Resources */,
				EFEF9032207FA86500DEEAFD /* Main.storyboard in Resources */,
			);
			runOnlyForDeploymentPostprocessing = 0;
		};
/* End PBXResourcesBuildPhase section */

/* Begin PBXSourcesBuildPhase section */
		EFEF9025207FA86500DEEAFD /* Sources */ = {
			isa = PBXSourcesBuildPhase;
			buildActionMask = 2147483647;
			files = (
				EFEF902F207FA86500DEEAFD /* GameViewController.swift in Sources */,
				EF17115720A4887B002FDCD4 /* TragaPerras.swift in Sources */,
				EF9A918020A1F8C100DDFA53 /* MenuViewController.swift in Sources */,
				EFEF903F207FB32F00DEEAFD /* LimitNumberCircleView.swift in Sources */,
				EFEF902D207FA86500DEEAFD /* AppDelegate.swift in Sources */,
				EF17115920A48D90002FDCD4 /* TragaPerrasViewController.swift in Sources */,
				EF3D936A2086324C0012510D /* DiceViewController.swift in Sources */,
				EFFFBC46209B525700F61F9B /* WinnerViewController.swift in Sources */,
			);
			runOnlyForDeploymentPostprocessing = 0;
		};
/* End PBXSourcesBuildPhase section */

/* Begin PBXVariantGroup section */
		EFEF9030207FA86500DEEAFD /* Main.storyboard */ = {
			isa = PBXVariantGroup;
			children = (
				EFEF9031207FA86500DEEAFD /* Base */,
			);
			name = Main.storyboard;
			sourceTree = "<group>";
		};
		EFEF9035207FA86500DEEAFD /* LaunchScreen.storyboard */ = {
			isa = PBXVariantGroup;
			children = (
				EFEF9036207FA86500DEEAFD /* Base */,
			);
			name = LaunchScreen.storyboard;
			sourceTree = "<group>";
		};
/* End PBXVariantGroup section */

/* Begin XCBuildConfiguration section */
		EFEF9039207FA86500DEEAFD /* Debug */ = {
			isa = XCBuildConfiguration;
			buildSettings = {
				ALWAYS_SEARCH_USER_PATHS = NO;
				CLANG_ANALYZER_NONNULL = YES;
				CLANG_ANALYZER_NUMBER_OBJECT_CONVERSION = YES_AGGRESSIVE;
				CLANG_CXX_LANGUAGE_STANDARD = "gnu++14";
				CLANG_CXX_LIBRARY = "libc++";
				CLANG_ENABLE_MODULES = YES;
				CLANG_ENABLE_OBJC_ARC = YES;
				CLANG_WARN_BLOCK_CAPTURE_AUTORELEASING = YES;
				CLANG_WARN_BOOL_CONVERSION = YES;
				CLANG_WARN_COMMA = YES;
				CLANG_WARN_CONSTANT_CONVERSION = YES;
				CLANG_WARN_DIRECT_OBJC_ISA_USAGE = YES_ERROR;
				CLANG_WARN_DOCUMENTATION_COMMENTS = YES;
				CLANG_WARN_EMPTY_BODY = YES;
				CLANG_WARN_ENUM_CONVERSION = YES;
				CLANG_WARN_INFINITE_RECURSION = YES;
				CLANG_WARN_INT_CONVERSION = YES;
				CLANG_WARN_NON_LITERAL_NULL_CONVERSION = YES;
				CLANG_WARN_OBJC_LITERAL_CONVERSION = YES;
				CLANG_WARN_OBJC_ROOT_CLASS = YES_ERROR;
				CLANG_WARN_RANGE_LOOP_ANALYSIS = YES;
				CLANG_WARN_STRICT_PROTOTYPES = YES;
				CLANG_WARN_SUSPICIOUS_MOVE = YES;
				CLANG_WARN_UNGUARDED_AVAILABILITY = YES_AGGRESSIVE;
				CLANG_WARN_UNREACHABLE_CODE = YES;
				CLANG_WARN__DUPLICATE_METHOD_MATCH = YES;
				CODE_SIGN_IDENTITY = "iPhone Developer";
				COPY_PHASE_STRIP = NO;
				DEBUG_INFORMATION_FORMAT = dwarf;
				ENABLE_STRICT_OBJC_MSGSEND = YES;
				ENABLE_TESTABILITY = YES;
				GCC_C_LANGUAGE_STANDARD = gnu11;
				GCC_DYNAMIC_NO_PIC = NO;
				GCC_NO_COMMON_BLOCKS = YES;
				GCC_OPTIMIZATION_LEVEL = 0;
				GCC_PREPROCESSOR_DEFINITIONS = (
					"DEBUG=1",
					"$(inherited)",
				);
				GCC_WARN_64_TO_32_BIT_CONVERSION = YES;
				GCC_WARN_ABOUT_RETURN_TYPE = YES_ERROR;
				GCC_WARN_UNDECLARED_SELECTOR = YES;
				GCC_WARN_UNINITIALIZED_AUTOS = YES_AGGRESSIVE;
				GCC_WARN_UNUSED_FUNCTION = YES;
				GCC_WARN_UNUSED_VARIABLE = YES;
				IPHONEOS_DEPLOYMENT_TARGET = 11.1;
				MTL_ENABLE_DEBUG_INFO = YES;
				ONLY_ACTIVE_ARCH = YES;
				SDKROOT = iphoneos;
				SWIFT_ACTIVE_COMPILATION_CONDITIONS = DEBUG;
				SWIFT_OPTIMIZATION_LEVEL = "-Onone";
			};
			name = Debug;
		};
		EFEF903A207FA86500DEEAFD /* Release */ = {
			isa = XCBuildConfiguration;
			buildSettings = {
				ALWAYS_SEARCH_USER_PATHS = NO;
				CLANG_ANALYZER_NONNULL = YES;
				CLANG_ANALYZER_NUMBER_OBJECT_CONVERSION = YES_AGGRESSIVE;
				CLANG_CXX_LANGUAGE_STANDARD = "gnu++14";
				CLANG_CXX_LIBRARY = "libc++";
				CLANG_ENABLE_MODULES = YES;
				CLANG_ENABLE_OBJC_ARC = YES;
				CLANG_WARN_BLOCK_CAPTURE_AUTORELEASING = YES;
				CLANG_WARN_BOOL_CONVERSION = YES;
				CLANG_WARN_COMMA = YES;
				CLANG_WARN_CONSTANT_CONVERSION = YES;
				CLANG_WARN_DIRECT_OBJC_ISA_USAGE = YES_ERROR;
				CLANG_WARN_DOCUMENTATION_COMMENTS = YES;
				CLANG_WARN_EMPTY_BODY = YES;
				CLANG_WARN_ENUM_CONVERSION = YES;
				CLANG_WARN_INFINITE_RECURSION = YES;
				CLANG_WARN_INT_CONVERSION = YES;
				CLANG_WARN_NON_LITERAL_NULL_CONVERSION = YES;
				CLANG_WARN_OBJC_LITERAL_CONVERSION = YES;
				CLANG_WARN_OBJC_ROOT_CLASS = YES_ERROR;
				CLANG_WARN_RANGE_LOOP_ANALYSIS = YES;
				CLANG_WARN_STRICT_PROTOTYPES = YES;
				CLANG_WARN_SUSPICIOUS_MOVE = YES;
				CLANG_WARN_UNGUARDED_AVAILABILITY = YES_AGGRESSIVE;
				CLANG_WARN_UNREACHABLE_CODE = YES;
				CLANG_WARN__DUPLICATE_METHOD_MATCH = YES;
				CODE_SIGN_IDENTITY = "iPhone Developer";
				COPY_PHASE_STRIP = NO;
				DEBUG_INFORMATION_FORMAT = "dwarf-with-dsym";
				ENABLE_NS_ASSERTIONS = NO;
				ENABLE_STRICT_OBJC_MSGSEND = YES;
				GCC_C_LANGUAGE_STANDARD = gnu11;
				GCC_NO_COMMON_BLOCKS = YES;
				GCC_WARN_64_TO_32_BIT_CONVERSION = YES;
				GCC_WARN_ABOUT_RETURN_TYPE = YES_ERROR;
				GCC_WARN_UNDECLARED_SELECTOR = YES;
				GCC_WARN_UNINITIALIZED_AUTOS = YES_AGGRESSIVE;
				GCC_WARN_UNUSED_FUNCTION = YES;
				GCC_WARN_UNUSED_VARIABLE = YES;
				IPHONEOS_DEPLOYMENT_TARGET = 11.1;
				MTL_ENABLE_DEBUG_INFO = NO;
				SDKROOT = iphoneos;
				SWIFT_OPTIMIZATION_LEVEL = "-Owholemodule";
				VALIDATE_PRODUCT = YES;
			};
			name = Release;
		};
		EFEF903C207FA86500DEEAFD /* Debug */ = {
			isa = XCBuildConfiguration;
			buildSettings = {
				ASSETCATALOG_COMPILER_APPICON_NAME = AppIcon;
				CODE_SIGN_STYLE = Automatic;
				INFOPLIST_FILE = BlackDice/Info.plist;
				LD_RUNPATH_SEARCH_PATHS = "$(inherited) @executable_path/Frameworks";
				PRODUCT_BUNDLE_IDENTIFIER = ErikyGerard.BlackDice;
				PRODUCT_NAME = "$(TARGET_NAME)";
				SWIFT_VERSION = 4.0;
				TARGETED_DEVICE_FAMILY = "1,2";
			};
			name = Debug;
		};
		EFEF903D207FA86500DEEAFD /* Release */ = {
			isa = XCBuildConfiguration;
			buildSettings = {
				ASSETCATALOG_COMPILER_APPICON_NAME = AppIcon;
				CODE_SIGN_STYLE = Automatic;
				INFOPLIST_FILE = BlackDice/Info.plist;
				LD_RUNPATH_SEARCH_PATHS = "$(inherited) @executable_path/Frameworks";
				PRODUCT_BUNDLE_IDENTIFIER = ErikyGerard.BlackDice;
				PRODUCT_NAME = "$(TARGET_NAME)";
				SWIFT_VERSION = 4.0;
				TARGETED_DEVICE_FAMILY = "1,2";
			};
			name = Release;
		};
/* End XCBuildConfiguration section */

/* Begin XCConfigurationList section */
		EFEF9024207FA86500DEEAFD /* Build configuration list for PBXProject "BlackDice" */ = {
			isa = XCConfigurationList;
			buildConfigurations = (
				EFEF9039207FA86500DEEAFD /* Debug */,
				EFEF903A207FA86500DEEAFD /* Release */,
			);
			defaultConfigurationIsVisible = 0;
			defaultConfigurationName = Release;
		};
		EFEF903B207FA86500DEEAFD /* Build configuration list for PBXNativeTarget "BlackDice" */ = {
			isa = XCConfigurationList;
			buildConfigurations = (
				EFEF903C207FA86500DEEAFD /* Debug */,
				EFEF903D207FA86500DEEAFD /* Release */,
			);
			defaultConfigurationIsVisible = 0;
			defaultConfigurationName = Release;
		};
/* End XCConfigurationList section */
	};
	rootObject = EFEF9021207FA86500DEEAFD /* Project object */;
}
